# This file was autogenerated by Stack.
# You should not edit this file by hand.
# For more information, please see the documentation at:
#   https://docs.haskellstack.org/en/stable/lock_files

packages:
- completed:
    hackage: QuickCheck-2.11.3@sha256:5e8e84718b2a47ba2986732adf9fd8888f2bef965854ed3a0beb14e8da938389,5499
    pantry-tree:
      size: 1862
      sha256: b2865f6c8f139e8429d287b3e7179e8ca4ef2ab97c5b547657ca8f49276a801f
  original:
    hackage: QuickCheck-2.11.3
snapshots:
- completed:
    size: 523884
    url: https://raw.githubusercontent.com/commercialhaskell/stackage-snapshots/master/lts/14/4.yaml
    sha256: 16f24be248b42c9e16d59db84378836b1e7c239448a041cae46d32daffa45a8b
  original: lts-14.4
